
Microsoft Visual Studio Solution File, Format Version 12.00
# Visual Studio Version 17
VisualStudioVersion = 17.2.32616.157
MinimumVisualStudioVersion = 10.0.40219.1
Project("{2150E333-8FDC-42A3-9474-1A3956D46DE8}") = "1 - Application", "1 - Application", "{BB9CAF1A-F14B-4A0E-8E37-D7EB899EC3B5}"
EndProject
Project("{2150E333-8FDC-42A3-9474-1A3956D46DE8}") = "2 - Domain", "2 - Domain", "{9CE85431-7280-4259-B933-B0ADF70B9EB3}"
EndProject
Project("{2150E333-8FDC-42A3-9474-1A3956D46DE8}") = "3 - Service", "3 - Service", "{996567F4-953A-40E4-AAC7-C1205B603218}"
EndProject
Project("{2150E333-8FDC-42A3-9474-1A3956D46DE8}") = "4 - Infrastructure", "4 - Infrastructure", "{12E15497-E06B-43A0-B8C6-DE89943C84A4}"
EndProject
Project("{2150E333-8FDC-42A3-9474-1A3956D46DE8}") = "5 - Test", "5 - Test", "{393970D4-3F54-47D0-AB25-1774850125CB}"
EndProject
Project("{9A19103F-16F7-4668-BE54-9A1E7A4F7556}") = "Boilerplate.API", "API\Boilerplate.API.csproj", "{EEC6B1BB-D268-48C1-84AA-106C02A1D75F}"
	ProjectSection(ProjectDependencies) = postProject
		{4D5835C0-9D8E-471D-86E9-BAA48DE85A89} = {4D5835C0-9D8E-471D-86E9-BAA48DE85A89}
		{E88B4C82-F3ED-48B5-9CEF-88853E1484FA} = {E88B4C82-F3ED-48B5-9CEF-88853E1484FA}
	EndProjectSection
EndProject
Project("{9A19103F-16F7-4668-BE54-9A1E7A4F7556}") = "Boilerplate.Domain", "Domain\Boilerplate.Domain.csproj", "{E88B4C82-F3ED-48B5-9CEF-88853E1484FA}"
EndProject
Project("{9A19103F-16F7-4668-BE54-9A1E7A4F7556}") = "Boilerplate.Service", "Service\Boilerplate.Service.csproj", "{4D5835C0-9D8E-471D-86E9-BAA48DE85A89}"
	ProjectSection(ProjectDependencies) = postProject
		{0B7DB1D9-BF96-4EBA-8286-930008997893} = {0B7DB1D9-BF96-4EBA-8286-930008997893}
		{E88B4C82-F3ED-48B5-9CEF-88853E1484FA} = {E88B4C82-F3ED-48B5-9CEF-88853E1484FA}
	EndProjectSection
EndProject
Project("{9A19103F-16F7-4668-BE54-9A1E7A4F7556}") = "Boilerplate.Data", "Data\Boilerplate.Data.csproj", "{0B7DB1D9-BF96-4EBA-8286-930008997893}"
	ProjectSection(ProjectDependencies) = postProject
		{E88B4C82-F3ED-48B5-9CEF-88853E1484FA} = {E88B4C82-F3ED-48B5-9CEF-88853E1484FA}
	EndProjectSection
EndProject
Project("{9A19103F-16F7-4668-BE54-9A1E7A4F7556}") = "Boilerplate.UnitTest", "UnitTest\Boilerplate.UnitTest.csproj", "{49EA3B3F-B9D8-4FA5-96E2-656D3017249C}"
	ProjectSection(ProjectDependencies) = postProject
		{0B7DB1D9-BF96-4EBA-8286-930008997893} = {0B7DB1D9-BF96-4EBA-8286-930008997893}
		{4D5835C0-9D8E-471D-86E9-BAA48DE85A89} = {4D5835C0-9D8E-471D-86E9-BAA48DE85A89}
		{E88B4C82-F3ED-48B5-9CEF-88853E1484FA} = {E88B4C82-F3ED-48B5-9CEF-88853E1484FA}
		{EEC6B1BB-D268-48C1-84AA-106C02A1D75F} = {EEC6B1BB-D268-48C1-84AA-106C02A1D75F}
	EndProjectSection
EndProject
Global
	GlobalSection(SolutionConfigurationPlatforms) = preSolution
		Debug|Any CPU = Debug|Any CPU
		Release|Any CPU = Release|Any CPU
	EndGlobalSection
	GlobalSection(ProjectConfigurationPlatforms) = postSolution
		{EEC6B1BB-D268-48C1-84AA-106C02A1D75F}.Debug|Any CPU.ActiveCfg = Debug|Any CPU
		{EEC6B1BB-D268-48C1-84AA-106C02A1D75F}.Debug|Any CPU.Build.0 = Debug|Any CPU
		{EEC6B1BB-D268-48C1-84AA-106C02A1D75F}.Release|Any CPU.ActiveCfg = Release|Any CPU
		{EEC6B1BB-D268-48C1-84AA-106C02A1D75F}.Release|Any CPU.Build.0 = Release|Any CPU
		{E88B4C82-F3ED-48B5-9CEF-88853E1484FA}.Debug|Any CPU.ActiveCfg = Debug|Any CPU
		{E88B4C82-F3ED-48B5-9CEF-88853E1484FA}.Debug|Any CPU.Build.0 = Debug|Any CPU
		{E88B4C82-F3ED-48B5-9CEF-88853E1484FA}.Release|Any CPU.ActiveCfg = Release|Any CPU
		{E88B4C82-F3ED-48B5-9CEF-88853E1484FA}.Release|Any CPU.Build.0 = Release|Any CPU
		{4D5835C0-9D8E-471D-86E9-BAA48DE85A89}.Debug|Any CPU.ActiveCfg = Debug|Any CPU
		{4D5835C0-9D8E-471D-86E9-BAA48DE85A89}.Debug|Any CPU.Build.0 = Debug|Any CPU
		{4D5835C0-9D8E-471D-86E9-BAA48DE85A89}.Release|Any CPU.ActiveCfg = Release|Any CPU
		{4D5835C0-9D8E-471D-86E9-BAA48DE85A89}.Release|Any CPU.Build.0 = Release|Any CPU
		{0B7DB1D9-BF96-4EBA-8286-930008997893}.Debug|Any CPU.ActiveCfg = Debug|Any CPU
		{0B7DB1D9-BF96-4EBA-8286-930008997893}.Debug|Any CPU.Build.0 = Debug|Any CPU
		{0B7DB1D9-BF96-4EBA-8286-930008997893}.Release|Any CPU.ActiveCfg = Release|Any CPU
		{0B7DB1D9-BF96-4EBA-8286-930008997893}.Release|Any CPU.Build.0 = Release|Any CPU
		{49EA3B3F-B9D8-4FA5-96E2-656D3017249C}.Debug|Any CPU.ActiveCfg = Debug|Any CPU
		{49EA3B3F-B9D8-4FA5-96E2-656D3017249C}.Debug|Any CPU.Build.0 = Debug|Any CPU
		{49EA3B3F-B9D8-4FA5-96E2-656D3017249C}.Release|Any CPU.ActiveCfg = Release|Any CPU
		{49EA3B3F-B9D8-4FA5-96E2-656D3017249C}.Release|Any CPU.Build.0 = Release|Any CPU
	EndGlobalSection
	GlobalSection(SolutionProperties) = preSolution
		HideSolutionNode = FALSE
	EndGlobalSection
	GlobalSection(NestedProjects) = preSolution
		{EEC6B1BB-D268-48C1-84AA-106C02A1D75F} = {BB9CAF1A-F14B-4A0E-8E37-D7EB899EC3B5}
		{E88B4C82-F3ED-48B5-9CEF-88853E1484FA} = {9CE85431-7280-4259-B933-B0ADF70B9EB3}
		{4D5835C0-9D8E-471D-86E9-BAA48DE85A89} = {996567F4-953A-40E4-AAC7-C1205B603218}
		{0B7DB1D9-BF96-4EBA-8286-930008997893} = {12E15497-E06B-43A0-B8C6-DE89943C84A4}
		{49EA3B3F-B9D8-4FA5-96E2-656D3017249C} = {393970D4-3F54-47D0-AB25-1774850125CB}
	EndGlobalSection
	GlobalSection(ExtensibilityGlobals) = postSolution
		SolutionGuid = {7B5AE31B-639E-48C8-A46E-321A1EA26E2E}
	EndGlobalSection
EndGlobal
